
Microsoft Visual Studio Solution File, Format Version 12.00
# Visual Studio Version 17
VisualStudioVersion = 17.9.34622.214
MinimumVisualStudioVersion = 10.0.40219.1
Project("{FAE04EC0-301F-11D3-BF4B-00C04F79EFBC}") = "WebApp.Api", "WebApp.Api\WebApp.Api.csproj", "{D3027E0A-526D-4B81-9298-1A50767EEC9B}"
EndProject
Project("{FAE04EC0-301F-11D3-BF4B-00C04F79EFBC}") = "Infrastructure", "Infrastructure\Infrastructure.csproj", "{764CC17F-CC2B-4AAA-B472-48B1AB79CD1C}"
EndProject
Global
	GlobalSection(SolutionConfigurationPlatforms) = preSolution
		Debug|Any CPU = Debug|Any CPU
		Release|Any CPU = Release|Any CPU
	EndGlobalSection
	GlobalSection(ProjectConfigurationPlatforms) = postSolution
		{D3027E0A-526D-4B81-9298-1A50767EEC9B}.Debug|Any CPU.ActiveCfg = Debug|Any CPU
		{D3027E0A-526D-4B81-9298-1A50767EEC9B}.Debug|Any CPU.Build.0 = Debug|Any CPU
		{D3027E0A-526D-4B81-9298-1A50767EEC9B}.Release|Any CPU.ActiveCfg = Release|Any CPU
		{D3027E0A-526D-4B81-9298-1A50767EEC9B}.Release|Any CPU.Build.0 = Release|Any CPU
		{764CC17F-CC2B-4AAA-B472-48B1AB79CD1C}.Debug|Any CPU.ActiveCfg = Debug|Any CPU
		{764CC17F-CC2B-4AAA-B472-48B1AB79CD1C}.Debug|Any CPU.Build.0 = Debug|Any CPU
		{764CC17F-CC2B-4AAA-B472-48B1AB79CD1C}.Release|Any CPU.ActiveCfg = Release|Any CPU
		{764CC17F-CC2B-4AAA-B472-48B1AB79CD1C}.Release|Any CPU.Build.0 = Release|Any CPU
	EndGlobalSection
	GlobalSection(SolutionProperties) = preSolution
		HideSolutionNode = FALSE
	EndGlobalSection
	GlobalSection(ExtensibilityGlobals) = postSolution
		SolutionGuid = {12E11E86-6753-4545-A1CA-B8BF6FF40DAD}
	EndGlobalSection
EndGlobal
